{
  "lockfile-version": 1,
  "manifest": {
    "schema-version": "1.10.0",
    "install": {
      "coreutils": {
        "pkg-path": "coreutils"
      },
      "gawk": {
        "pkg-path": "gawk"
      },
      "gnutar": {
        "pkg-path": "gnutar"
      },
      "vllm": {
        "pkg-path": "flox-cuda/python3Packages.vllm",
        "pkg-group": "vllm",
        "version": "0.15.1",
        "systems": [
          "x86_64-linux"
        ],
        "outputs": "all"
      },
      "vllm-flox-runtime": {
        "pkg-path": "flox/vllm-flox-runtime",
        "pkg-group": "vllm-flox-runtime",
        "systems": [
          "x86_64-linux"
        ]
      },
      "vllm-phi-3-5-mini-instruct-awq": {
        "pkg-path": "flox/vllm-phi-3-5-mini-instruct-awq",
        "pkg-group": "vllm-phi-3-5-mini-instruct-awq"
      }
    },
    "hook": {
      "on-activate": "  # Model\n  export VLLM_MODEL=\"${VLLM_MODEL:-Phi-3.5-mini-instruct-AWQ}\"\n  export VLLM_MODEL_ORG=\"${VLLM_MODEL_ORG:-microsoft}\"\n  export VLLM_MODEL_SOURCES=\"${VLLM_MODEL_SOURCES:-flox,local,hf-cache,hf-hub}\"\n  export VLLM_MODELS_DIR=\"${VLLM_MODELS_DIR:-$FLOX_ENV_PROJECT/models}\"\n  export VLLM_SERVED_MODEL_NAME=\"${VLLM_SERVED_MODEL_NAME:-Phi-3.5-mini-instruct}\"\n\n  # Server\n  export VLLM_HOST=\"${VLLM_HOST:-0.0.0.0}\"\n  export VLLM_PORT=\"${VLLM_PORT:-8000}\"\n  export VLLM_API_KEY=\"${VLLM_API_KEY:-sk-vllm-local-dev}\"\n\n  # Engine tuning\n  export VLLM_TENSOR_PARALLEL_SIZE=\"${VLLM_TENSOR_PARALLEL_SIZE:-1}\"\n  export VLLM_PIPELINE_PARALLEL_SIZE=\"${VLLM_PIPELINE_PARALLEL_SIZE:-1}\"\n  export VLLM_PREFIX_CACHING=\"${VLLM_PREFIX_CACHING:-false}\"\n  export VLLM_KV_CACHE_DTYPE=\"${VLLM_KV_CACHE_DTYPE:-auto}\"\n  export VLLM_MAX_MODEL_LEN=\"${VLLM_MAX_MODEL_LEN:-4096}\"\n  export VLLM_MAX_NUM_BATCHED_TOKENS=\"${VLLM_MAX_NUM_BATCHED_TOKENS:-4096}\"\n\n  # Logging / metrics\n  export VLLM_LOGGING_LEVEL=\"${VLLM_LOGGING_LEVEL:-WARNING}\"\n  export PROMETHEUS_MULTIPROC_DIR=\"${PROMETHEUS_MULTIPROC_DIR:-$FLOX_ENV_CACHE/vllm-prometheus}\"\n\n  mkdir -p \"$VLLM_MODELS_DIR\"\n  mkdir -p \"$PROMETHEUS_MULTIPROC_DIR\"\n\n  # ── Ensure vllm config has compilation disabled (nvcc not on PATH) ──\n  _vllm_config=\"$FLOX_ENV_CACHE/vllm-config.yaml\"\n  if [[ ! -f \"$_vllm_config\" ]]; then\n    cat > \"$_vllm_config\" <<'VLLM_YAML'\nhost: \"0.0.0.0\"\nport: 8000\n\ndtype: float16\ngpu-memory-utilization: 0.85\nquantization: awq\ncompilation-config: '{\"level\": 0}'\n\ndisable-log-requests: true\nuvicorn-log-level: \"warning\"\nVLLM_YAML\n  elif ! grep -q 'compilation-config' \"$_vllm_config\"; then\n    printf '\\ncompilation-config: '\\''{\"level\": 0}'\\''\\n' >> \"$_vllm_config\"\n  fi\n\n"
    },
    "options": {
      "systems": [
        "x86_64-linux"
      ]
    },
    "services": {
      "vllm": {
        "command": "vllm-preflight && vllm-resolve-model && vllm-serve"
      }
    }
  },
  "packages": [
    {
      "attr_path": "coreutils",
      "broken": false,
      "derivation": "/nix/store/bl552s9nw613lkzc4rmw3svpdwp1ib68-coreutils-9.10.drv",
      "description": "GNU Core Utilities",
      "install_id": "coreutils",
      "license": "GPL-3.0-or-later",
      "locked_url": "https://github.com/flox/nixpkgs?rev=b40629efe5d6ec48dd1efba650c797ddbd39ace0",
      "name": "coreutils-9.10",
      "pname": "coreutils",
      "rev": "b40629efe5d6ec48dd1efba650c797ddbd39ace0",
      "rev_count": 964859,
      "rev_date": "2026-03-18T08:17:15Z",
      "scrape_date": "2026-03-20T02:16:25.006863Z",
      "stabilities": [
        "unstable"
      ],
      "unfree": false,
      "version": "9.10",
      "outputs_to_install": [
        "out",
        "out",
        "out",
        "out",
        "out"
      ],
      "outputs": {
        "debug": "/nix/store/8mcpc2yx37lqpp3id4966iarglcb7z42-coreutils-9.10-debug",
        "info": "/nix/store/m4v3w2kchwa6wkv1sdnqqji096byxxkp-coreutils-9.10-info",
        "out": "/nix/store/hlxw2q9qansq7bn52xvlb5badw3z1v8s-coreutils-9.10"
      },
      "system": "x86_64-linux",
      "group": "toplevel",
      "priority": 5
    },
    {
      "attr_path": "gawk",
      "broken": false,
      "derivation": "/nix/store/aihn2bgjx2cawvqbkqx5gvs3936savij-gawk-5.3.2.drv",
      "description": "GNU implementation of the Awk programming language",
      "install_id": "gawk",
      "license": "GPL-3.0-or-later",
      "locked_url": "https://github.com/flox/nixpkgs?rev=b40629efe5d6ec48dd1efba650c797ddbd39ace0",
      "name": "gawk-5.3.2",
      "pname": "gawk",
      "rev": "b40629efe5d6ec48dd1efba650c797ddbd39ace0",
      "rev_count": 964859,
      "rev_date": "2026-03-18T08:17:15Z",
      "scrape_date": "2026-03-20T02:16:26.333925Z",
      "stabilities": [
        "unstable"
      ],
      "unfree": false,
      "version": "5.3.2",
      "outputs_to_install": [
        "man",
        "out",
        "out"
      ],
      "outputs": {
        "info": "/nix/store/9p12f1sij4w65j35ssikl7zvlnh8kd2f-gawk-5.3.2-info",
        "man": "/nix/store/c1gd6m4r3wa9ydvdg1xqvdkbsksmsp67-gawk-5.3.2-man",
        "out": "/nix/store/gf7b4yz4vhd0y2hnnrimhh875ghwzzzj-gawk-5.3.2"
      },
      "system": "x86_64-linux",
      "group": "toplevel",
      "priority": 5
    },
    {
      "attr_path": "gnutar",
      "broken": false,
      "derivation": "/nix/store/8ivyhxjb6q1vw9rasqlcp3m79k6p018h-gnutar-1.35.drv",
      "description": "GNU implementation of the `tar' archiver",
      "install_id": "gnutar",
      "license": "GPL-3.0-or-later",
      "locked_url": "https://github.com/flox/nixpkgs?rev=b40629efe5d6ec48dd1efba650c797ddbd39ace0",
      "name": "gnutar-1.35",
      "pname": "gnutar",
      "rev": "b40629efe5d6ec48dd1efba650c797ddbd39ace0",
      "rev_count": 964859,
      "rev_date": "2026-03-18T08:17:15Z",
      "scrape_date": "2026-03-20T02:16:27.240446Z",
      "stabilities": [
        "unstable"
      ],
      "unfree": false,
      "version": "1.35",
      "outputs_to_install": [
        "out",
        "out",
        "out"
      ],
      "outputs": {
        "info": "/nix/store/6kfl4c99k3i2cz1pkix04786w0983hsy-gnutar-1.35-info",
        "out": "/nix/store/isva9q9zx3frx6hh6cnpihh1kd2bx6bk-gnutar-1.35"
      },
      "system": "x86_64-linux",
      "group": "toplevel",
      "priority": 5
    },
    {
      "attr_path": "python3Packages.vllm",
      "broken": false,
      "derivation": "/nix/store/2148pqyg9vbv408rg8wbwdahlqz814hj-python3.13-vllm-0.15.1.drv",
      "description": "High-throughput and memory-efficient inference and serving engine for LLMs",
      "install_id": "vllm",
      "license": "Apache-2.0",
      "locked_url": "https://github.com/flox/nixpkgs?rev=9dcb002ca1690658be4a04645215baea8b95f31d",
      "name": "python3.13-vllm-0.15.1",
      "pname": "vllm",
      "rev": "9dcb002ca1690658be4a04645215baea8b95f31d",
      "rev_count": 960399,
      "rev_date": "2026-03-08T09:52:19Z",
      "scrape_date": "2026-03-21T01:15:28.362278960Z",
      "stabilities": [
        "unstable"
      ],
      "unfree": false,
      "version": "0.15.1",
      "outputs_to_install": [
        "out"
      ],
      "outputs": {
        "dist": "/nix/store/263gfwbgnv562kij0v24yxiam9haqzmp-python3.13-vllm-0.15.1-dist",
        "out": "/nix/store/m7f0g7qnlijhgm8fsadv7lkmn090bv9s-python3.13-vllm-0.15.1"
      },
      "system": "x86_64-linux",
      "group": "vllm",
      "priority": 5
    },
    {
      "attr_path": "vllm-flox-runtime",
      "broken": false,
      "derivation": "/nix/store/4s6km2013sgm880dzbhlp93z2mqi3d73-vllm-flox-runtime-0.9.5+b15ab16.drv",
      "description": "Runtime scripts for vLLM model serving with Flox",
      "install_id": "vllm-flox-runtime",
      "locked_url": "git@github.com:flox/package-vllm-runtime.git?rev=af139fbb16e31d9a01f6a8f9cded271cc17275c7",
      "name": "vllm-flox-runtime-0.9.5+b15ab16",
      "pname": "vllm-flox-runtime",
      "rev": "af139fbb16e31d9a01f6a8f9cded271cc17275c7",
      "rev_count": 19,
      "rev_date": "2026-03-21T01:11:51Z",
      "scrape_date": "2026-03-21T01:15:28.362282115Z",
      "stabilities": [
        "unstable",
        "staging",
        "stable"
      ],
      "unfree": false,
      "version": "0.9.5+b15ab16",
      "outputs_to_install": [
        "out"
      ],
      "outputs": {
        "out": "/nix/store/mjpkbjcq8s3s428g420056yw0sy1ygw6-vllm-flox-runtime-0.9.5+b15ab16"
      },
      "system": "x86_64-linux",
      "group": "vllm-flox-runtime",
      "priority": 5
    },
    {
      "attr_path": "vllm-phi-3-5-mini-instruct-awq",
      "broken": false,
      "derivation": "/nix/store/cjyv77cbmdjlwchnq0hnvn9q094yz5sn-vllm-phi-3.5-mini-instruct-awq-1.0.1+d6c46be.drv",
      "install_id": "vllm-phi-3-5-mini-instruct-awq",
      "locked_url": "git@github.com:barstoolbluz/build-hf-models.git?rev=fa2ef3e6e5fbe95bf0acb8a597b2057a6d0b0685",
      "name": "vllm-phi-3.5-mini-instruct-awq-1.0.1+d6c46be",
      "pname": "vllm-phi-3.5-mini-instruct-awq",
      "rev": "fa2ef3e6e5fbe95bf0acb8a597b2057a6d0b0685",
      "rev_count": 15,
      "rev_date": "2026-03-19T22:15:33Z",
      "scrape_date": "2026-03-21T01:15:28.362285180Z",
      "stabilities": [
        "unstable"
      ],
      "unfree": false,
      "version": "1.0.1+d6c46be",
      "outputs_to_install": [
        "out"
      ],
      "outputs": {
        "out": "/nix/store/kcqm00xidrxvyyg0v96viccvbbg6syy4-vllm-phi-3.5-mini-instruct-awq-1.0.1+d6c46be"
      },
      "system": "x86_64-linux",
      "group": "vllm-phi-3-5-mini-instruct-awq",
      "priority": 5
    }
  ]
}
